
Microsoft Visual Studio Solution File, Format Version 12.00
# Visual Studio Version 17
VisualStudioVersion = 17.4.33103.184
MinimumVisualStudioVersion = 10.0.40219.1
Project("{FAE04EC0-301F-11D3-BF4B-00C04F79EFBC}") = "webapi.Filmes", "webapi.Filmes.csproj", "{A79836A9-9EE7-4D29-A419-CE7CE8CE3E3C}"
EndProject
Global
	GlobalSection(SolutionConfigurationPlatforms) = preSolution
		Debug|Any CPU = Debug|Any CPU
		Release|Any CPU = Release|Any CPU
	EndGlobalSection
	GlobalSection(ProjectConfigurationPlatforms) = postSolution
		{A79836A9-9EE7-4D29-A419-CE7CE8CE3E3C}.Debug|Any CPU.ActiveCfg = Debug|Any CPU
		{A79836A9-9EE7-4D29-A419-CE7CE8CE3E3C}.Debug|Any CPU.Build.0 = Debug|Any CPU
		{A79836A9-9EE7-4D29-A419-CE7CE8CE3E3C}.Release|Any CPU.ActiveCfg = Release|Any CPU
		{A79836A9-9EE7-4D29-A419-CE7CE8CE3E3C}.Release|Any CPU.Build.0 = Release|Any CPU
	EndGlobalSection
	GlobalSection(SolutionProperties) = preSolution
		HideSolutionNode = FALSE
	EndGlobalSection
	GlobalSection(ExtensibilityGlobals) = postSolution
		SolutionGuid = {47404E0D-2772-42DD-B3B2-022B4551E627}
	EndGlobalSection
EndGlobal
